PODS:
  - Amplitude (8.18.0):
    - AnalyticsConnector (~> 1.0.0)
  - amplitude_flutter (0.0.1):
    - Amplitude (= 8.18.0)
    - Flutter
  - AnalyticsConnector (1.0.3)
  - appsflyer_sdk (6.13.1):
    - AppsFlyerFramework (= 6.13.1)
    - Flutter
  - AppsFlyerFramework (6.13.1):
    - AppsFlyerFramework/Main (= 6.13.1)
  - AppsFlyerFramework/Main (6.13.1)
  - datadog_flutter_plugin (0.0.1):
    - DatadogCore (= 2.8.1)
    - DatadogCrashReporting (= 2.8.1)
    - DatadogInternal (= 2.8.1)
    - DatadogLogs (= 2.8.1)
    - DatadogRUM (= 2.8.1)
    - DictionaryCoder (= 1.0.8)
    - Flutter
  - DatadogCore (2.8.1):
    - DatadogInternal (= 2.8.1)
  - DatadogCrashReporting (2.8.1):
    - DatadogInternal (= 2.8.1)
    - PLCrashReporter (~> 1.11.1)
  - DatadogInternal (2.8.1)
  - DatadogLogs (2.8.1):
    - DatadogInternal (= 2.8.1)
  - DatadogRUM (2.8.1):
    - DatadogInternal (= 2.8.1)
  - DictionaryCoder (1.0.8)
  - Firebase/Analytics (10.18.0):
    - Firebase/Core
  - Firebase/Core (10.18.0):
    - Firebase/CoreOnly
    - FirebaseAnalytics (~> 10.18.0)
  - Firebase/CoreOnly (10.18.0):
    - FirebaseCore (= 10.18.0)
  - firebase_analytics (10.8.0):
    - Firebase/Analytics (= 10.18.0)
    - firebase_core
    - Flutter
  - firebase_core (2.24.2):
    - Firebase/CoreOnly (= 10.18.0)
    - Flutter
  - FirebaseAnalytics (10.18.0):
    - FirebaseAnalytics/AdIdSupport (= 10.18.0)
    - FirebaseCore (~> 10.0)
    - FirebaseInstallations (~> 10.0)
    - GoogleUtilities/AppDelegateSwizzler (~> 7.11)
    - GoogleUtilities/MethodSwizzler (~> 7.11)
    - GoogleUtilities/Network (~> 7.11)
    - "GoogleUtilities/NSData+zlib (~> 7.11)"
    - nanopb (< 2.30910.0, >= 2.30908.0)
  - FirebaseAnalytics/AdIdSupport (10.18.0):
    - FirebaseCore (~> 10.0)
    - FirebaseInstallations (~> 10.0)
    - GoogleAppMeasurement (= 10.18.0)
    - GoogleUtilities/AppDelegateSwizzler (~> 7.11)
    - GoogleUtilities/MethodSwizzler (~> 7.11)
    - GoogleUtilities/Network (~> 7.11)
    - "GoogleUtilities/NSData+zlib (~> 7.11)"
    - nanopb (< 2.30910.0, >= 2.30908.0)
  - FirebaseCore (10.18.0):
    - FirebaseCoreInternal (~> 10.0)
    - GoogleUtilities/Environment (~> 7.12)
    - GoogleUtilities/Logger (~> 7.12)
  - FirebaseCoreInternal (10.23.0):
    - "GoogleUtilities/NSData+zlib (~> 7.8)"
  - FirebaseInstallations (10.23.0):
    - FirebaseCore (~> 10.0)
    - GoogleUtilities/Environment (~> 7.8)
    - GoogleUtilities/UserDefaults (~> 7.8)
    - PromisesObjC (~> 2.1)
  - Flutter (1.0.0)
  - GoogleAppMeasurement (10.18.0):
    - GoogleAppMeasurement/AdIdSupport (= 10.18.0)
    - GoogleUtilities/AppDelegateSwizzler (~> 7.11)
    - GoogleUtilities/MethodSwizzler (~> 7.11)
    - GoogleUtilities/Network (~> 7.11)
    - "GoogleUtilities/NSData+zlib (~> 7.11)"
    - nanopb (< 2.30910.0, >= 2.30908.0)
  - GoogleAppMeasurement/AdIdSupport (10.18.0):
    - GoogleAppMeasurement/WithoutAdIdSupport (= 10.18.0)
    - GoogleUtilities/AppDelegateSwizzler (~> 7.11)
    - GoogleUtilities/MethodSwizzler (~> 7.11)
    - GoogleUtilities/Network (~> 7.11)
    - "GoogleUtilities/NSData+zlib (~> 7.11)"
    - nanopb (< 2.30910.0, >= 2.30908.0)
  - GoogleAppMeasurement/WithoutAdIdSupport (10.18.0):
    - GoogleUtilities/AppDelegateSwizzler (~> 7.11)
    - GoogleUtilities/MethodSwizzler (~> 7.11)
    - GoogleUtilities/Network (~> 7.11)
    - "GoogleUtilities/NSData+zlib (~> 7.11)"
    - nanopb (< 2.30910.0, >= 2.30908.0)
  - GoogleUtilities/AppDelegateSwizzler (7.13.0):
    - GoogleUtilities/Environment
    - GoogleUtilities/Logger
    - GoogleUtilities/Network
    - GoogleUtilities/Privacy
  - GoogleUtilities/Environment (7.13.0):
    - GoogleUtilities/Privacy
    - PromisesObjC (< 3.0, >= 1.2)
  - GoogleUtilities/Logger (7.13.0):
    - GoogleUtilities/Environment
    - GoogleUtilities/Privacy
  - GoogleUtilities/MethodSwizzler (7.13.0):
    - GoogleUtilities/Logger
    - GoogleUtilities/Privacy
  - GoogleUtilities/Network (7.13.0):
    - GoogleUtilities/Logger
    - "GoogleUtilities/NSData+zlib"
    - GoogleUtilities/Privacy
    - GoogleUtilities/Reachability
  - "GoogleUtilities/NSData+zlib (7.13.0)":
    - GoogleUtilities/Privacy
  - GoogleUtilities/Privacy (7.13.0)
  - GoogleUtilities/Reachability (7.13.0):
    - GoogleUtilities/Logger
    - GoogleUtilities/Privacy
  - GoogleUtilities/UserDefaults (7.13.0):
    - GoogleUtilities/Logger
    - GoogleUtilities/Privacy
  - Mixpanel-swift (4.2.0):
    - Mixpanel-swift/Complete (= 4.2.0)
  - Mixpanel-swift/Complete (4.2.0)
  - mixpanel_flutter (2.2.0):
    - Flutter
    - Mixpanel-swift (= 4.2.0)
  - nanopb (2.30909.1):
    - nanopb/decode (= 2.30909.1)
    - nanopb/encode (= 2.30909.1)
  - nanopb/decode (2.30909.1)
  - nanopb/encode (2.30909.1)
  - PLCrashReporter (1.11.1)
  - PromisesObjC (2.4.0)
  - Singular-SDK (12.3.2):
    - Singular-SDK/Main (= 12.3.2)
  - Singular-SDK/Main (12.3.2)
  - singular_flutter_sdk (1.3.3):
    - Flutter
    - Singular-SDK (= 12.3.2)

DEPENDENCIES:
  - amplitude_flutter (from `.symlinks/plugins/amplitude_flutter/ios`)
  - appsflyer_sdk (from `.symlinks/plugins/appsflyer_sdk/ios`)
  - datadog_flutter_plugin (from `.symlinks/plugins/datadog_flutter_plugin/ios`)
  - firebase_analytics (from `.symlinks/plugins/firebase_analytics/ios`)
  - firebase_core (from `.symlinks/plugins/firebase_core/ios`)
  - Flutter (from `Flutter`)
  - mixpanel_flutter (from `.symlinks/plugins/mixpanel_flutter/ios`)
  - singular_flutter_sdk (from `.symlinks/plugins/singular_flutter_sdk/ios`)

SPEC REPOS:
  trunk:
    - Amplitude
    - AnalyticsConnector
    - AppsFlyerFramework
    - DatadogCore
    - DatadogCrashReporting
    - DatadogInternal
    - DatadogLogs
    - DatadogRUM
    - DictionaryCoder
    - Firebase
    - FirebaseAnalytics
    - FirebaseCore
    - FirebaseCoreInternal
    - FirebaseInstallations
    - GoogleAppMeasurement
    - GoogleUtilities
    - Mixpanel-swift
    - nanopb
    - PLCrashReporter
    - PromisesObjC
    - Singular-SDK

EXTERNAL SOURCES:
  amplitude_flutter:
    :path: ".symlinks/plugins/amplitude_flutter/ios"
  appsflyer_sdk:
    :path: ".symlinks/plugins/appsflyer_sdk/ios"
  datadog_flutter_plugin:
    :path: ".symlinks/plugins/datadog_flutter_plugin/ios"
  firebase_analytics:
    :path: ".symlinks/plugins/firebase_analytics/ios"
  firebase_core:
    :path: ".symlinks/plugins/firebase_core/ios"
  Flutter:
    :path: Flutter
  mixpanel_flutter:
    :path: ".symlinks/plugins/mixpanel_flutter/ios"
  singular_flutter_sdk:
    :path: ".symlinks/plugins/singular_flutter_sdk/ios"

SPEC CHECKSUMS:
  Amplitude: 184def4f87aa26f94a93a7faa334e06b1cae704d
  amplitude_flutter: 0f617f89d62b10c40a0ab14849e660a7c12e4e46
  AnalyticsConnector: a53214d38ae22734c6266106c0492b37832633a9
  appsflyer_sdk: df2eb770c16a351ecb7b747ca1699494d3a4378f
  AppsFlyerFramework: 971521cf5b890c2afeab2f2c91734547b8b169ca
  datadog_flutter_plugin: c3e557e21a9d46b1aed167b622696cd79a26226d
  DatadogCore: 502570059fa04c6004d91aa06bc72037e525c3a1
  DatadogCrashReporting: 5859371be18c1362469f45b6ef8edc3ed6716aab
  DatadogInternal: a297edf785fa01366e1dea4a9d8567d1d47189f7
  DatadogLogs: 147301957c6c3225ba81967af70633edee2889fe
  DatadogRUM: 6f877faa4d43ace37285a0d5f1a3a930e986aa3a
  DictionaryCoder: 5f84fff69f54cb806071538430bdafe04a89d658
  Firebase: 414ad272f8d02dfbf12662a9d43f4bba9bec2a06
  firebase_analytics: b3d6dd14c61549a29abb10e9843446a4d8bb53eb
  firebase_core: 0af4a2b24f62071f9bf283691c0ee41556dcb3f5
  FirebaseAnalytics: 4d310b35c48eaa4a058ddc04bdca6bdb5dc0fe80
  FirebaseCore: 2322423314d92f946219c8791674d2f3345b598f
  FirebaseCoreInternal: 6a292e6f0bece1243a737e81556e56e5e19282e3
  FirebaseInstallations: 42d6ead4605d6eafb3b6683674e80e18eb6f2c35
  Flutter: f04841e97a9d0b0a8025694d0796dd46242b2854
  GoogleAppMeasurement: 70ce9aa438cff1cfb31ea3e660bcc67734cb716e
  GoogleUtilities: d053d902a8edaa9904e1bd00c37535385b8ed152
  Mixpanel-swift: e5dd85295923e6a875acf17ccbab8d2ecb10ea65
  mixpanel_flutter: ed1e5eaea382cbbaf655d20e23478211727ee011
  nanopb: d4d75c12cd1316f4a64e3c6963f879ecd4b5e0d5
  PLCrashReporter: 5d2d3967afe0efad61b3048d617e2199a5d1b787
  PromisesObjC: f5707f49cb48b9636751c5b2e7d227e43fba9f47
  Singular-SDK: fce1555c6e782e120563d2f41ff4ac19c365fd54
  singular_flutter_sdk: baf04437312ad1eb1aa3c931e9bc598e8f30bc61

PODFILE CHECKSUM: ef19549a9bc3046e7bb7d2fab4d021637c0c58a3

COCOAPODS: 1.15.2
