PODS:
  - Amplitude (8.14.0):
    - AnalyticsConnector (~> 1.0.0)
  - amplitude_flutter (0.0.1):
    - Amplitude (= 8.14.0)
    - Flutter
  - AnalyticsConnector (1.0.1)
  - appsflyer_sdk (6.8.0):
    - AppsFlyerFramework (= 6.9.1)
    - Flutter
  - AppsFlyerFramework (6.9.1):
    - AppsFlyerFramework/Main (= 6.9.1)
  - AppsFlyerFramework/Main (6.9.1)
  - datadog_flutter_plugin (0.0.1):
    - DatadogSDK (= 1.14.0)
    - DatadogSDKCrashReporting (= 1.14.0)
    - DictionaryCoder (= 1.0.8)
    - Flutter
  - DatadogSDK (1.14.0)
  - DatadogSDKCrashReporting (1.14.0):
    - DatadogSDK (= 1.14.0)
    - PLCrashReporter (~> 1.11.0)
  - DictionaryCoder (1.0.8)
  - Firebase/Analytics (10.3.0):
    - Firebase/Core
  - Firebase/Core (10.3.0):
    - Firebase/CoreOnly
    - FirebaseAnalytics (~> 10.3.0)
  - Firebase/CoreOnly (10.3.0):
    - FirebaseCore (= 10.3.0)
  - firebase_analytics (10.1.4):
    - Firebase/Analytics (= 10.3.0)
    - firebase_core
    - Flutter
  - firebase_core (2.7.0):
    - Firebase/CoreOnly (= 10.3.0)
    - Flutter
  - FirebaseAnalytics (10.3.0):
    - FirebaseAnalytics/AdIdSupport (= 10.3.0)
    - FirebaseCore (~> 10.0)
    - FirebaseInstallations (~> 10.0)
    - GoogleUtilities/AppDelegateSwizzler (~> 7.8)
    - GoogleUtilities/MethodSwizzler (~> 7.8)
    - GoogleUtilities/Network (~> 7.8)
    - "GoogleUtilities/NSData+zlib (~> 7.8)"
    - nanopb (< 2.30910.0, >= 2.30908.0)
  - FirebaseAnalytics/AdIdSupport (10.3.0):
    - FirebaseCore (~> 10.0)
    - FirebaseInstallations (~> 10.0)
    - GoogleAppMeasurement (= 10.3.0)
    - GoogleUtilities/AppDelegateSwizzler (~> 7.8)
    - GoogleUtilities/MethodSwizzler (~> 7.8)
    - GoogleUtilities/Network (~> 7.8)
    - "GoogleUtilities/NSData+zlib (~> 7.8)"
    - nanopb (< 2.30910.0, >= 2.30908.0)
  - FirebaseCore (10.3.0):
    - FirebaseCoreInternal (~> 10.0)
    - GoogleUtilities/Environment (~> 7.8)
    - GoogleUtilities/Logger (~> 7.8)
  - FirebaseCoreInternal (10.3.0):
    - "GoogleUtilities/NSData+zlib (~> 7.8)"
  - FirebaseInstallations (10.3.0):
    - FirebaseCore (~> 10.0)
    - GoogleUtilities/Environment (~> 7.8)
    - GoogleUtilities/UserDefaults (~> 7.8)
    - PromisesObjC (~> 2.1)
  - Flutter (1.0.0)
  - GoogleAppMeasurement (10.3.0):
    - GoogleAppMeasurement/AdIdSupport (= 10.3.0)
    - GoogleUtilities/AppDelegateSwizzler (~> 7.8)
    - GoogleUtilities/MethodSwizzler (~> 7.8)
    - GoogleUtilities/Network (~> 7.8)
    - "GoogleUtilities/NSData+zlib (~> 7.8)"
    - nanopb (< 2.30910.0, >= 2.30908.0)
  - GoogleAppMeasurement/AdIdSupport (10.3.0):
    - GoogleAppMeasurement/WithoutAdIdSupport (= 10.3.0)
    - GoogleUtilities/AppDelegateSwizzler (~> 7.8)
    - GoogleUtilities/MethodSwizzler (~> 7.8)
    - GoogleUtilities/Network (~> 7.8)
    - "GoogleUtilities/NSData+zlib (~> 7.8)"
    - nanopb (< 2.30910.0, >= 2.30908.0)
  - GoogleAppMeasurement/WithoutAdIdSupport (10.3.0):
    - GoogleUtilities/AppDelegateSwizzler (~> 7.8)
    - GoogleUtilities/MethodSwizzler (~> 7.8)
    - GoogleUtilities/Network (~> 7.8)
    - "GoogleUtilities/NSData+zlib (~> 7.8)"
    - nanopb (< 2.30910.0, >= 2.30908.0)
  - GoogleUtilities/AppDelegateSwizzler (7.11.0):
    - GoogleUtilities/Environment
    - GoogleUtilities/Logger
    - GoogleUtilities/Network
  - GoogleUtilities/Environment (7.11.0):
    - PromisesObjC (< 3.0, >= 1.2)
  - GoogleUtilities/Logger (7.11.0):
    - GoogleUtilities/Environment
  - GoogleUtilities/MethodSwizzler (7.11.0):
    - GoogleUtilities/Logger
  - GoogleUtilities/Network (7.11.0):
    - GoogleUtilities/Logger
    - "GoogleUtilities/NSData+zlib"
    - GoogleUtilities/Reachability
  - "GoogleUtilities/NSData+zlib (7.11.0)"
  - GoogleUtilities/Reachability (7.11.0):
    - GoogleUtilities/Logger
  - GoogleUtilities/UserDefaults (7.11.0):
    - GoogleUtilities/Logger
  - Mixpanel-swift (4.0.1):
    - Mixpanel-swift/Complete (= 4.0.1)
  - Mixpanel-swift/Complete (4.0.1)
  - mixpanel_flutter (2.0.0):
    - Flutter
    - Mixpanel-swift (= 4.0.1)
  - nanopb (2.30909.0):
    - nanopb/decode (= 2.30909.0)
    - nanopb/encode (= 2.30909.0)
  - nanopb/decode (2.30909.0)
  - nanopb/encode (2.30909.0)
  - PLCrashReporter (1.11.0)
  - PromisesObjC (2.1.1)
  - Singular-SDK (12.0.2):
    - Singular-SDK/Main (= 12.0.2)
  - Singular-SDK/Main (12.0.2)
  - singular_flutter_sdk (1.0.12):
    - Flutter
    - Singular-SDK (= 12.0.2)

DEPENDENCIES:
  - amplitude_flutter (from `.symlinks/plugins/amplitude_flutter/ios`)
  - appsflyer_sdk (from `.symlinks/plugins/appsflyer_sdk/ios`)
  - datadog_flutter_plugin (from `.symlinks/plugins/datadog_flutter_plugin/ios`)
  - firebase_analytics (from `.symlinks/plugins/firebase_analytics/ios`)
  - firebase_core (from `.symlinks/plugins/firebase_core/ios`)
  - Flutter (from `Flutter`)
  - mixpanel_flutter (from `.symlinks/plugins/mixpanel_flutter/ios`)
  - singular_flutter_sdk (from `.symlinks/plugins/singular_flutter_sdk/ios`)

SPEC REPOS:
  trunk:
    - Amplitude
    - AnalyticsConnector
    - AppsFlyerFramework
    - DatadogSDK
    - DatadogSDKCrashReporting
    - DictionaryCoder
    - Firebase
    - FirebaseAnalytics
    - FirebaseCore
    - FirebaseCoreInternal
    - FirebaseInstallations
    - GoogleAppMeasurement
    - GoogleUtilities
    - Mixpanel-swift
    - nanopb
    - PLCrashReporter
    - PromisesObjC
    - Singular-SDK

EXTERNAL SOURCES:
  amplitude_flutter:
    :path: ".symlinks/plugins/amplitude_flutter/ios"
  appsflyer_sdk:
    :path: ".symlinks/plugins/appsflyer_sdk/ios"
  datadog_flutter_plugin:
    :path: ".symlinks/plugins/datadog_flutter_plugin/ios"
  firebase_analytics:
    :path: ".symlinks/plugins/firebase_analytics/ios"
  firebase_core:
    :path: ".symlinks/plugins/firebase_core/ios"
  Flutter:
    :path: Flutter
  mixpanel_flutter:
    :path: ".symlinks/plugins/mixpanel_flutter/ios"
  singular_flutter_sdk:
    :path: ".symlinks/plugins/singular_flutter_sdk/ios"

SPEC CHECKSUMS:
  Amplitude: bff4ceaad2a79e908682134d75dc862960594ea6
  amplitude_flutter: c9e02275996053186318b8821e7e87a1d1918a23
  AnalyticsConnector: eccd7e1cd3dd18e6bd09ac2506e37d4ed43ba3f4
  appsflyer_sdk: f420e5007d635511073ed8c63b2c6fcedefb4cba
  AppsFlyerFramework: dc9aa675faa8e1a2ed40fb295d3c5408ee2b972a
  datadog_flutter_plugin: 47360389e85adcf5bf9418ff3949cbf9f7a4632d
  DatadogSDK: 78af0e8967f505643352cdc10c3e3da6ba17a19d
  DatadogSDKCrashReporting: 785b1254e3bc38e1f29f5cfb3399c7db845ad473
  DictionaryCoder: 5f84fff69f54cb806071538430bdafe04a89d658
  Firebase: f92fc551ead69c94168d36c2b26188263860acd9
  firebase_analytics: 4f57c422c9c6225cd5ddd5fca28f92bde5fb21b5
  firebase_core: 128d8c43c3a453a4a67463314fc3761bedff860b
  FirebaseAnalytics: 036232b6a1e2918e5f67572417be1173576245f3
  FirebaseCore: 988754646ab3bd4bdcb740f1bfe26b9f6c0d5f2a
  FirebaseCoreInternal: 29b76f784d607df8b2a1259d73c3f04f1210137b
  FirebaseInstallations: e2f26126089dcf41e215f7b8925af8d953c7d602
  Flutter: f04841e97a9d0b0a8025694d0796dd46242b2854
  GoogleAppMeasurement: c7d6fff39bf2d829587d74088d582e32d75133c3
  GoogleUtilities: c2bdc4cf2ce786c4d2e6b3bcfd599a25ca78f06f
  Mixpanel-swift: 6e970d16daf10283cd30a3e6e1a08f4410b25183
  mixpanel_flutter: b10020fd7e671b28dca0a3a426a5b10662cc0697
  nanopb: b552cce312b6c8484180ef47159bc0f65a1f0431
  PLCrashReporter: 7a9dff14a23ba5d2e28c6160f0bb6fada5e71a8d
  PromisesObjC: ab77feca74fa2823e7af4249b8326368e61014cb
  Singular-SDK: 51c450c3037920e72b6c7ac9b5abcd53c614c246
  singular_flutter_sdk: b5fb14269465600d17eef6231ccf6f6fca4c2cf6

PODFILE CHECKSUM: ef19549a9bc3046e7bb7d2fab4d021637c0c58a3

COCOAPODS: 1.11.3
